
Microsoft Visual Studio Solution File, Format Version 12.00
# Visual Studio 15
VisualStudioVersion = 15.0.27703.2042
MinimumVisualStudioVersion = 10.0.40219.1
Project("{FAE04EC0-301F-11D3-BF4B-00C04F79EFBC}") = "PruebaMP", "PruebaMP\PruebaMP.csproj", "{A7F87682-6766-4138-853F-98950C871431}"
EndProject
Global
	GlobalSection(SolutionConfigurationPlatforms) = preSolution
		Debug|Any CPU = Debug|Any CPU
		Release|Any CPU = Release|Any CPU
	EndGlobalSection
	GlobalSection(ProjectConfigurationPlatforms) = postSolution
		{A7F87682-6766-4138-853F-98950C871431}.Debug|Any CPU.ActiveCfg = Debug|Any CPU
		{A7F87682-6766-4138-853F-98950C871431}.Debug|Any CPU.Build.0 = Debug|Any CPU
		{A7F87682-6766-4138-853F-98950C871431}.Release|Any CPU.ActiveCfg = Release|Any CPU
		{A7F87682-6766-4138-853F-98950C871431}.Release|Any CPU.Build.0 = Release|Any CPU
	EndGlobalSection
	GlobalSection(SolutionProperties) = preSolution
		HideSolutionNode = FALSE
	EndGlobalSection
	GlobalSection(ExtensibilityGlobals) = postSolution
		SolutionGuid = {9F45F534-D093-4AD2-9C20-50FC53AF419E}
	EndGlobalSection
EndGlobal
